
Microsoft Visual Studio Solution File, Format Version 11.00
# Visual Studio 2010
Project("{8BC9CEB8-8B4A-11D0-8D11-00A0C91BC942}") = "codeTesting", "codeTesting\codeTesting.vcxproj", "{BE119B20-FAEC-468F-9CA0-AFEEE895D9BD}"
EndProject
Global
	GlobalSection(SolutionConfigurationPlatforms) = preSolution
		Debug|Win32 = Debug|Win32
		Release|Win32 = Release|Win32
	EndGlobalSection
	GlobalSection(ProjectConfigurationPlatforms) = postSolution
		{BE119B20-FAEC-468F-9CA0-AFEEE895D9BD}.Debug|Win32.ActiveCfg = Debug|Win32
		{BE119B20-FAEC-468F-9CA0-AFEEE895D9BD}.Debug|Win32.Build.0 = Debug|Win32
		{BE119B20-FAEC-468F-9CA0-AFEEE895D9BD}.Release|Win32.ActiveCfg = Release|Win32
		{BE119B20-FAEC-468F-9CA0-AFEEE895D9BD}.Release|Win32.Build.0 = Release|Win32
	EndGlobalSection
	GlobalSection(SolutionProperties) = preSolution
		HideSolutionNode = FALSE
	EndGlobalSection
EndGlobal
